
Microsoft Visual Studio Solution File, Format Version 12.00
# Visual Studio 15
VisualStudioVersion = 15.0.28010.2003
MinimumVisualStudioVersion = 10.0.40219.1
Project("{FAE04EC0-301F-11D3-BF4B-00C04F79EFBC}") = "Reverse String attempt", "Reverse String attempt\Reverse String attempt.csproj", "{3B6F23FA-6A56-482F-8CC8-AED8202DEFF0}"
EndProject
Global
	GlobalSection(SolutionConfigurationPlatforms) = preSolution
		Debug|Any CPU = Debug|Any CPU
		Release|Any CPU = Release|Any CPU
	EndGlobalSection
	GlobalSection(ProjectConfigurationPlatforms) = postSolution
		{3B6F23FA-6A56-482F-8CC8-AED8202DEFF0}.Debug|Any CPU.ActiveCfg = Debug|Any CPU
		{3B6F23FA-6A56-482F-8CC8-AED8202DEFF0}.Debug|Any CPU.Build.0 = Debug|Any CPU
		{3B6F23FA-6A56-482F-8CC8-AED8202DEFF0}.Release|Any CPU.ActiveCfg = Release|Any CPU
		{3B6F23FA-6A56-482F-8CC8-AED8202DEFF0}.Release|Any CPU.Build.0 = Release|Any CPU
	EndGlobalSection
	GlobalSection(SolutionProperties) = preSolution
		HideSolutionNode = FALSE
	EndGlobalSection
	GlobalSection(ExtensibilityGlobals) = postSolution
		SolutionGuid = {DBCC4265-A028-4D9D-933B-8EBE53BC43B0}
	EndGlobalSection
EndGlobal
