
Microsoft Visual Studio Solution File, Format Version 12.00
# Visual Studio 15
VisualStudioVersion = 15.0.28010.2003
MinimumVisualStudioVersion = 10.0.40219.1
Project("{FAE04EC0-301F-11D3-BF4B-00C04F79EFBC}") = "List's test", "List's test\List's test.csproj", "{799708DA-9B25-487A-B479-9897B7B43645}"
EndProject
Global
	GlobalSection(SolutionConfigurationPlatforms) = preSolution
		Debug|Any CPU = Debug|Any CPU
		Release|Any CPU = Release|Any CPU
	EndGlobalSection
	GlobalSection(ProjectConfigurationPlatforms) = postSolution
		{799708DA-9B25-487A-B479-9897B7B43645}.Debug|Any CPU.ActiveCfg = Debug|Any CPU
		{799708DA-9B25-487A-B479-9897B7B43645}.Debug|Any CPU.Build.0 = Debug|Any CPU
		{799708DA-9B25-487A-B479-9897B7B43645}.Release|Any CPU.ActiveCfg = Release|Any CPU
		{799708DA-9B25-487A-B479-9897B7B43645}.Release|Any CPU.Build.0 = Release|Any CPU
	EndGlobalSection
	GlobalSection(SolutionProperties) = preSolution
		HideSolutionNode = FALSE
	EndGlobalSection
	GlobalSection(ExtensibilityGlobals) = postSolution
		SolutionGuid = {88AADF2E-1536-4B92-856E-33235F83C759}
	EndGlobalSection
EndGlobal
